// !$*UTF8*$!
{
	archiveVersion = 1;
	classes = {
	};
	objectVersion = 51;
	objects = {

/* Begin PBXBuildFile section */
		024E136A2356503F00CCED3C /* AppDelegate.swift in Sources */ = {isa = PBXBuildFile; fileRef = 024E13692356503F00CCED3C /* AppDelegate.swift */; };
		024E136C2356503F00CCED3C /* SceneDelegate.swift in Sources */ = {isa = PBXBuildFile; fileRef = 024E136B2356503F00CCED3C /* SceneDelegate.swift */; };
		024E136E2356503F00CCED3C /* ViewController.swift in Sources */ = {isa = PBXBuildFile; fileRef = 024E136D2356503F00CCED3C /* ViewController.swift */; };
		024E13712356503F00CCED3C /* Main.storyboard in Resources */ = {isa = PBXBuildFile; fileRef = 024E136F2356503F00CCED3C /* Main.storyboard */; };
		024E13732356504100CCED3C /* Assets.xcassets in Resources */ = {isa = PBXBuildFile; fileRef = 024E13722356504100CCED3C /* Assets.xcassets */; };
		024E13762356504100CCED3C /* LaunchScreen.storyboard in Resources */ = {isa = PBXBuildFile; fileRef = 024E13742356504100CCED3C /* LaunchScreen.storyboard */; };
		024E137E2356621600CCED3C /* GoogleService-Info.plist in Resources */ = {isa = PBXBuildFile; fileRef = 024E137D2356621600CCED3C /* GoogleService-Info.plist */; };
		024E13802356DAEE00CCED3C /* LogInViewController.swift in Sources */ = {isa = PBXBuildFile; fileRef = 024E137F2356DAEE00CCED3C /* LogInViewController.swift */; };
		BA1DE399C56E998A638141D0 /* Pods_KartApp.framework in Frameworks */ = {isa = PBXBuildFile; fileRef = ED93684A181554EE60992F13 /* Pods_KartApp.framework */; };
/* End PBXBuildFile section */

/* Begin PBXFileReference section */
		024E13662356503F00CCED3C /* KartApp.app */ = {isa = PBXFileReference; explicitFileType = wrapper.application; includeInIndex = 0; path = KartApp.app; sourceTree = BUILT_PRODUCTS_DIR; };
		024E13692356503F00CCED3C /* AppDelegate.swift */ = {isa = PBXFileReference; lastKnownFileType = sourcecode.swift; path = AppDelegate.swift; sourceTree = "<group>"; };
		024E136B2356503F00CCED3C /* SceneDelegate.swift */ = {isa = PBXFileReference; lastKnownFileType = sourcecode.swift; path = SceneDelegate.swift; sourceTree = "<group>"; };
		024E136D2356503F00CCED3C /* ViewController.swift */ = {isa = PBXFileReference; lastKnownFileType = sourcecode.swift; path = ViewController.swift; sourceTree = "<group>"; };
		024E13702356503F00CCED3C /* Base */ = {isa = PBXFileReference; lastKnownFileType = file.storyboard; name = Base; path = Base.lproj/Main.storyboard; sourceTree = "<group>"; };
		024E13722356504100CCED3C /* Assets.xcassets */ = {isa = PBXFileReference; lastKnownFileType = folder.assetcatalog; path = Assets.xcassets; sourceTree = "<group>"; };
		024E13752356504100CCED3C /* Base */ = {isa = PBXFileReference; lastKnownFileType = file.storyboard; name = Base; path = Base.lproj/LaunchScreen.storyboard; sourceTree = "<group>"; };
		024E13772356504100CCED3C /* Info.plist */ = {isa = PBXFileReference; lastKnownFileType = text.plist.xml; path = Info.plist; sourceTree = "<group>"; };
		024E137D2356621600CCED3C /* GoogleService-Info.plist */ = {isa = PBXFileReference; fileEncoding = 4; lastKnownFileType = text.plist.xml; path = "GoogleService-Info.plist"; sourceTree = "<group>"; };
		024E137F2356DAEE00CCED3C /* LogInViewController.swift */ = {isa = PBXFileReference; lastKnownFileType = sourcecode.swift; path = LogInViewController.swift; sourceTree = "<group>"; };
		03346673A7D8F2EB21767734 /* Pods-KartApp.release.xcconfig */ = {isa = PBXFileReference; includeInIndex = 1; lastKnownFileType = text.xcconfig; name = "Pods-KartApp.release.xcconfig"; path = "Target Support Files/Pods-KartApp/Pods-KartApp.release.xcconfig"; sourceTree = "<group>"; };
		3A22F95A9406CE9D50C8B981 /* Pods-KartApp.debug.xcconfig */ = {isa = PBXFileReference; includeInIndex = 1; lastKnownFileType = text.xcconfig; name = "Pods-KartApp.debug.xcconfig"; path = "Target Support Files/Pods-KartApp/Pods-KartApp.debug.xcconfig"; sourceTree = "<group>"; };
		ED93684A181554EE60992F13 /* Pods_KartApp.framework */ = {isa = PBXFileReference; explicitFileType = wrapper.framework; includeInIndex = 0; path = Pods_KartApp.framework; sourceTree = BUILT_PRODUCTS_DIR; };
/* End PBXFileReference section */

/* Begin PBXFrameworksBuildPhase section */
		024E13632356503F00CCED3C /* Frameworks */ = {
			isa = PBXFrameworksBuildPhase;
			buildActionMask = 2147483647;
			files = (
				BA1DE399C56E998A638141D0 /* Pods_KartApp.framework in Frameworks */,
			);
			runOnlyForDeploymentPostprocessing = 0;
		};
/* End PBXFrameworksBuildPhase section */

/* Begin PBXGroup section */
		024E135D2356503F00CCED3C = {
			isa = PBXGroup;
			children = (
				024E13682356503F00CCED3C /* KartApp */,
				024E13672356503F00CCED3C /* Products */,
				935EC1CE4ECBC643B8777DD4 /* Pods */,
				2C91F7CADDA227234D47A1AB /* Frameworks */,
			);
			sourceTree = "<group>";
		};
		024E13672356503F00CCED3C /* Products */ = {
			isa = PBXGroup;
			children = (
				024E13662356503F00CCED3C /* KartApp.app */,
			);
			name = Products;
			sourceTree = "<group>";
		};
		024E13682356503F00CCED3C /* KartApp */ = {
			isa = PBXGroup;
			children = (
				024E13692356503F00CCED3C /* AppDelegate.swift */,
				024E136B2356503F00CCED3C /* SceneDelegate.swift */,
				024E136D2356503F00CCED3C /* ViewController.swift */,
				024E137F2356DAEE00CCED3C /* LogInViewController.swift */,
				024E136F2356503F00CCED3C /* Main.storyboard */,
				024E13722356504100CCED3C /* Assets.xcassets */,
				024E13742356504100CCED3C /* LaunchScreen.storyboard */,
				024E13772356504100CCED3C /* Info.plist */,
				024E137D2356621600CCED3C /* GoogleService-Info.plist */,
			);
			path = KartApp;
			sourceTree = "<group>";
		};
		2C91F7CADDA227234D47A1AB /* Frameworks */ = {
			isa = PBXGroup;
			children = (
				ED93684A181554EE60992F13 /* Pods_KartApp.framework */,
			);
			name = Frameworks;
			sourceTree = "<group>";
		};
		935EC1CE4ECBC643B8777DD4 /* Pods */ = {
			isa = PBXGroup;
			children = (
				3A22F95A9406CE9D50C8B981 /* Pods-KartApp.debug.xcconfig */,
				03346673A7D8F2EB21767734 /* Pods-KartApp.release.xcconfig */,
			);
			path = Pods;
			sourceTree = "<group>";
		};
/* End PBXGroup section */

/* Begin PBXNativeTarget section */
		024E13652356503F00CCED3C /* KartApp */ = {
			isa = PBXNativeTarget;
			buildConfigurationList = 024E137A2356504100CCED3C /* Build configuration list for PBXNativeTarget "KartApp" */;
			buildPhases = (
				61E1881CC73019526DF5BF32 /* [CP] Check Pods Manifest.lock */,
				024E13622356503F00CCED3C /* Sources */,
				024E13632356503F00CCED3C /* Frameworks */,
				024E13642356503F00CCED3C /* Resources */,
				2C39BAB1B89D5C6EB40E170C /* [CP] Embed Pods Frameworks */,
			);
			buildRules = (
			);
			dependencies = (
			);
			name = KartApp;
			productName = KartApp;
			productReference = 024E13662356503F00CCED3C /* KartApp.app */;
			productType = "com.apple.product-type.application";
		};
/* End PBXNativeTarget section */

/* Begin PBXProject section */
		024E135E2356503F00CCED3C /* Project object */ = {
			isa = PBXProject;
			attributes = {
				LastSwiftUpdateCheck = 1110;
				LastUpgradeCheck = 1110;
				ORGANIZATIONNAME = "Likhit Garimella";
				TargetAttributes = {
					024E13652356503F00CCED3C = {
						CreatedOnToolsVersion = 11.1;
					};
				};
			};
			buildConfigurationList = 024E13612356503F00CCED3C /* Build configuration list for PBXProject "KartApp" */;
			compatibilityVersion = "Xcode 9.3";
			developmentRegion = en;
			hasScannedForEncodings = 0;
			knownRegions = (
				en,
				Base,
			);
			mainGroup = 024E135D2356503F00CCED3C;
			productRefGroup = 024E13672356503F00CCED3C /* Products */;
			projectDirPath = "";
			projectRoot = "";
			targets = (
				024E13652356503F00CCED3C /* KartApp */,
			);
		};
/* End PBXProject section */

/* Begin PBXResourcesBuildPhase section */
		024E13642356503F00CCED3C /* Resources */ = {
			isa = PBXResourcesBuildPhase;
			buildActionMask = 2147483647;
			files = (
				024E13762356504100CCED3C /* LaunchScreen.storyboard in Resources */,
				024E13732356504100CCED3C /* Assets.xcassets in Resources */,
				024E137E2356621600CCED3C /* GoogleService-Info.plist in Resources */,
				024E13712356503F00CCED3C /* Main.storyboard in Resources */,
			);
			runOnlyForDeploymentPostprocessing = 0;
		};
/* End PBXResourcesBuildPhase section */

/* Begin PBXShellScriptBuildPhase section */
		2C39BAB1B89D5C6EB40E170C /* [CP] Embed Pods Frameworks */ = {
			isa = PBXShellScriptBuildPhase;
			buildActionMask = 2147483647;
			files = (
			);
			inputFileListPaths = (
				"${PODS_ROOT}/Target Support Files/Pods-KartApp/Pods-KartApp-frameworks-${CONFIGURATION}-input-files.xcfilelist",
			);
			name = "[CP] Embed Pods Frameworks";
			outputFileListPaths = (
				"${PODS_ROOT}/Target Support Files/Pods-KartApp/Pods-KartApp-frameworks-${CONFIGURATION}-output-files.xcfilelist",
			);
			runOnlyForDeploymentPostprocessing = 0;
			shellPath = /bin/sh;
			shellScript = "\"${PODS_ROOT}/Target Support Files/Pods-KartApp/Pods-KartApp-frameworks.sh\"\n";
			showEnvVarsInLog = 0;
		};
		61E1881CC73019526DF5BF32 /* [CP] Check Pods Manifest.lock */ = {
			isa = PBXShellScriptBuildPhase;
			buildActionMask = 2147483647;
			files = (
			);
			inputFileListPaths = (
			);
			inputPaths = (
				"${PODS_PODFILE_DIR_PATH}/Podfile.lock",
				"${PODS_ROOT}/Manifest.lock",
			);
			name = "[CP] Check Pods Manifest.lock";
			outputFileListPaths = (
			);
			outputPaths = (
				"$(DERIVED_FILE_DIR)/Pods-KartApp-checkManifestLockResult.txt",
			);
			runOnlyForDeploymentPostprocessing = 0;
			shellPath = /bin/sh;
			shellScript = "diff \"${PODS_PODFILE_DIR_PATH}/Podfile.lock\" \"${PODS_ROOT}/Manifest.lock\" > /dev/null\nif [ $? != 0 ] ; then\n    # print error to STDERR\n    echo \"error: The sandbox is not in sync with the Podfile.lock. Run 'pod install' or update your CocoaPods installation.\" >&2\n    exit 1\nfi\n# This output is used by Xcode 'outputs' to avoid re-running this script phase.\necho \"SUCCESS\" > \"${SCRIPT_OUTPUT_FILE_0}\"\n";
			showEnvVarsInLog = 0;
		};
/* End PBXShellScriptBuildPhase section */

/* Begin PBXSourcesBuildPhase section */
		024E13622356503F00CCED3C /* Sources */ = {
			isa = PBXSourcesBuildPhase;
			buildActionMask = 2147483647;
			files = (
				024E13802356DAEE00CCED3C /* LogInViewController.swift in Sources */,
				024E136E2356503F00CCED3C /* ViewController.swift in Sources */,
				024E136A2356503F00CCED3C /* AppDelegate.swift in Sources */,
				024E136C2356503F00CCED3C /* SceneDelegate.swift in Sources */,
			);
			runOnlyForDeploymentPostprocessing = 0;
		};
/* End PBXSourcesBuildPhase section */

/* Begin PBXVariantGroup section */
		024E136F2356503F00CCED3C /* Main.storyboard */ = {
			isa = PBXVariantGroup;
			children = (
				024E13702356503F00CCED3C /* Base */,
			);
			name = Main.storyboard;
			sourceTree = "<group>";
		};
		024E13742356504100CCED3C /* LaunchScreen.storyboard */ = {
			isa = PBXVariantGroup;
			children = (
				024E13752356504100CCED3C /* Base */,
			);
			name = LaunchScreen.storyboard;
			sourceTree = "<group>";
		};
/* End PBXVariantGroup section */

/* Begin XCBuildConfiguration section */
		024E13782356504100CCED3C /* Debug */ = {
			isa = XCBuildConfiguration;
			buildSettings = {
				ALWAYS_SEARCH_USER_PATHS = NO;
				CLANG_ANALYZER_NONNULL = YES;
				CLANG_ANALYZER_NUMBER_OBJECT_CONVERSION = YES_AGGRESSIVE;
				CLANG_CXX_LANGUAGE_STANDARD = "gnu++14";
				CLANG_CXX_LIBRARY = "libc++";
				CLANG_ENABLE_MODULES = YES;
				CLANG_ENABLE_OBJC_ARC = YES;
				CLANG_ENABLE_OBJC_WEAK = YES;
				CLANG_WARN_BLOCK_CAPTURE_AUTORELEASING = YES;
				CLANG_WARN_BOOL_CONVERSION = YES;
				CLANG_WARN_COMMA = YES;
				CLANG_WARN_CONSTANT_CONVERSION = YES;
				CLANG_WARN_DEPRECATED_OBJC_IMPLEMENTATIONS = YES;
				CLANG_WARN_DIRECT_OBJC_ISA_USAGE = YES_ERROR;
				CLANG_WARN_DOCUMENTATION_COMMENTS = YES;
				CLANG_WARN_EMPTY_BODY = YES;
				CLANG_WARN_ENUM_CONVERSION = YES;
				CLANG_WARN_INFINITE_RECURSION = YES;
				CLANG_WARN_INT_CONVERSION = YES;
				CLANG_WARN_NON_LITERAL_NULL_CONVERSION = YES;
				CLANG_WARN_OBJC_IMPLICIT_RETAIN_SELF = YES;
				CLANG_WARN_OBJC_LITERAL_CONVERSION = YES;
				CLANG_WARN_OBJC_ROOT_CLASS = YES_ERROR;
				CLANG_WARN_RANGE_LOOP_ANALYSIS = YES;
				CLANG_WARN_STRICT_PROTOTYPES = YES;
				CLANG_WARN_SUSPICIOUS_MOVE = YES;
				CLANG_WARN_UNGUARDED_AVAILABILITY = YES_AGGRESSIVE;
				CLANG_WARN_UNREACHABLE_CODE = YES;
				CLANG_WARN__DUPLICATE_METHOD_MATCH = YES;
				COPY_PHASE_STRIP = NO;
				DEBUG_INFORMATION_FORMAT = dwarf;
				ENABLE_STRICT_OBJC_MSGSEND = YES;
				ENABLE_TESTABILITY = YES;
				GCC_C_LANGUAGE_STANDARD = gnu11;
				GCC_DYNAMIC_NO_PIC = NO;
				GCC_NO_COMMON_BLOCKS = YES;
				GCC_OPTIMIZATION_LEVEL = 0;
				GCC_PREPROCESSOR_DEFINITIONS = (
					"DEBUG=1",
					"$(inherited)",
				);
				GCC_WARN_64_TO_32_BIT_CONVERSION = YES;
				GCC_WARN_ABOUT_RETURN_TYPE = YES_ERROR;
				GCC_WARN_UNDECLARED_SELECTOR = YES;
				GCC_WARN_UNINITIALIZED_AUTOS = YES_AGGRESSIVE;
				GCC_WARN_UNUSED_FUNCTION = YES;
				GCC_WARN_UNUSED_VARIABLE = YES;
				IPHONEOS_DEPLOYMENT_TARGET = 13.1;
				MTL_ENABLE_DEBUG_INFO = INCLUDE_SOURCE;
				MTL_FAST_MATH = YES;
				ONLY_ACTIVE_ARCH = YES;
				SDKROOT = iphoneos;
				SWIFT_ACTIVE_COMPILATION_CONDITIONS = DEBUG;
				SWIFT_OPTIMIZATION_LEVEL = "-Onone";
			};
			name = Debug;
		};
		024E13792356504100CCED3C /* Release */ = {
			isa = XCBuildConfiguration;
			buildSettings = {
				ALWAYS_SEARCH_USER_PATHS = NO;
				CLANG_ANALYZER_NONNULL = YES;
				CLANG_ANALYZER_NUMBER_OBJECT_CONVERSION = YES_AGGRESSIVE;
				CLANG_CXX_LANGUAGE_STANDARD = "gnu++14";
				CLANG_CXX_LIBRARY = "libc++";
				CLANG_ENABLE_MODULES = YES;
				CLANG_ENABLE_OBJC_ARC = YES;
				CLANG_ENABLE_OBJC_WEAK = YES;
				CLANG_WARN_BLOCK_CAPTURE_AUTORELEASING = YES;
				CLANG_WARN_BOOL_CONVERSION = YES;
				CLANG_WARN_COMMA = YES;
				CLANG_WARN_CONSTANT_CONVERSION = YES;
				CLANG_WARN_DEPRECATED_OBJC_IMPLEMENTATIONS = YES;
				CLANG_WARN_DIRECT_OBJC_ISA_USAGE = YES_ERROR;
				CLANG_WARN_DOCUMENTATION_COMMENTS = YES;
				CLANG_WARN_EMPTY_BODY = YES;
				CLANG_WARN_ENUM_CONVERSION = YES;
				CLANG_WARN_INFINITE_RECURSION = YES;
				CLANG_WARN_INT_CONVERSION = YES;
				CLANG_WARN_NON_LITERAL_NULL_CONVERSION = YES;
				CLANG_WARN_OBJC_IMPLICIT_RETAIN_SELF = YES;
				CLANG_WARN_OBJC_LITERAL_CONVERSION = YES;
				CLANG_WARN_OBJC_ROOT_CLASS = YES_ERROR;
				CLANG_WARN_RANGE_LOOP_ANALYSIS = YES;
				CLANG_WARN_STRICT_PROTOTYPES = YES;
				CLANG_WARN_SUSPICIOUS_MOVE = YES;
				CLANG_WARN_UNGUARDED_AVAILABILITY = YES_AGGRESSIVE;
				CLANG_WARN_UNREACHABLE_CODE = YES;
				CLANG_WARN__DUPLICATE_METHOD_MATCH = YES;
				COPY_PHASE_STRIP = NO;
				DEBUG_INFORMATION_FORMAT = "dwarf-with-dsym";
				ENABLE_NS_ASSERTIONS = NO;
				ENABLE_STRICT_OBJC_MSGSEND = YES;
				GCC_C_LANGUAGE_STANDARD = gnu11;
				GCC_NO_COMMON_BLOCKS = YES;
				GCC_WARN_64_TO_32_BIT_CONVERSION = YES;
				GCC_WARN_ABOUT_RETURN_TYPE = YES_ERROR;
				GCC_WARN_UNDECLARED_SELECTOR = YES;
				GCC_WARN_UNINITIALIZED_AUTOS = YES_AGGRESSIVE;
				GCC_WARN_UNUSED_FUNCTION = YES;
				GCC_WARN_UNUSED_VARIABLE = YES;
				IPHONEOS_DEPLOYMENT_TARGET = 13.1;
				MTL_ENABLE_DEBUG_INFO = NO;
				MTL_FAST_MATH = YES;
				SDKROOT = iphoneos;
				SWIFT_COMPILATION_MODE = wholemodule;
				SWIFT_OPTIMIZATION_LEVEL = "-O";
				VALIDATE_PRODUCT = YES;
			};
			name = Release;
		};
		024E137B2356504100CCED3C /* Debug */ = {
			isa = XCBuildConfiguration;
			baseConfigurationReference = 3A22F95A9406CE9D50C8B981 /* Pods-KartApp.debug.xcconfig */;
			buildSettings = {
				ASSETCATALOG_COMPILER_APPICON_NAME = AppIcon;
				CODE_SIGN_STYLE = Automatic;
				DEVELOPMENT_TEAM = 77BWS8985H;
				INFOPLIST_FILE = KartApp/Info.plist;
				LD_RUNPATH_SEARCH_PATHS = (
					"$(inherited)",
					"@executable_path/Frameworks",
				);
				PRODUCT_BUNDLE_IDENTIFIER = com.likhitgarimella.KartApp;
				PRODUCT_NAME = "$(TARGET_NAME)";
				SWIFT_VERSION = 5.0;
				TARGETED_DEVICE_FAMILY = "1,2";
			};
			name = Debug;
		};
		024E137C2356504100CCED3C /* Release */ = {
			isa = XCBuildConfiguration;
			baseConfigurationReference = 03346673A7D8F2EB21767734 /* Pods-KartApp.release.xcconfig */;
			buildSettings = {
				ASSETCATALOG_COMPILER_APPICON_NAME = AppIcon;
				CODE_SIGN_STYLE = Automatic;
				DEVELOPMENT_TEAM = 77BWS8985H;
				INFOPLIST_FILE = KartApp/Info.plist;
				LD_RUNPATH_SEARCH_PATHS = (
					"$(inherited)",
					"@executable_path/Frameworks",
				);
				PRODUCT_BUNDLE_IDENTIFIER = com.likhitgarimella.KartApp;
				PRODUCT_NAME = "$(TARGET_NAME)";
				SWIFT_VERSION = 5.0;
				TARGETED_DEVICE_FAMILY = "1,2";
			};
			name = Release;
		};
/* End XCBuildConfiguration section */

/* Begin XCConfigurationList section */
		024E13612356503F00CCED3C /* Build configuration list for PBXProject "KartApp" */ = {
			isa = XCConfigurationList;
			buildConfigurations = (
				024E13782356504100CCED3C /* Debug */,
				024E13792356504100CCED3C /* Release */,
			);
			defaultConfigurationIsVisible = 0;
			defaultConfigurationName = Release;
		};
		024E137A2356504100CCED3C /* Build configuration list for PBXNativeTarget "KartApp" */ = {
			isa = XCConfigurationList;
			buildConfigurations = (
				024E137B2356504100CCED3C /* Debug */,
				024E137C2356504100CCED3C /* Release */,
			);
			defaultConfigurationIsVisible = 0;
			defaultConfigurationName = Release;
		};
/* End XCConfigurationList section */
	};
	rootObject = 024E135E2356503F00CCED3C /* Project object */;
}
